// !$*UTF8*$!
{
	archiveVersion = 1;
	classes = {
	};
	objectVersion = 46;
	objects = {

/* Begin PBXBuildFile section */
		1A84BCCE15C3C6270024BBE5 /* MapKit.framework in Frameworks */ = {isa = PBXBuildFile; fileRef = 1AEAE27F15C38E85002E24C3 /* MapKit.framework */; };
		1ACB9AFD15C3F8960098E15A /* LocationService.m in Sources */ = {isa = PBXBuildFile; fileRef = 1ACB9AFC15C3F8960098E15A /* LocationService.m */; };
		1ACB9B0115C3FF720098E15A /* LoginViewController.m in Sources */ = {isa = PBXBuildFile; fileRef = 1ACB9B0015C3FF720098E15A /* LoginViewController.m */; };
		1ACB9B0915C3FF880098E15A /* MapAnnotations.m in Sources */ = {isa = PBXBuildFile; fileRef = 1ACB9B0415C3FF880098E15A /* MapAnnotations.m */; };
		1ACB9B0A15C3FF880098E15A /* MapViewController.m in Sources */ = {isa = PBXBuildFile; fileRef = 1ACB9B0615C3FF880098E15A /* MapViewController.m */; };
		1ACB9B0B15C3FF880098E15A /* MapViewDelegate.m in Sources */ = {isa = PBXBuildFile; fileRef = 1ACB9B0815C3FF880098E15A /* MapViewDelegate.m */; };
		1AEAE24A15C3873E002E24C3 /* UIKit.framework in Frameworks */ = {isa = PBXBuildFile; fileRef = 1AEAE24915C3873E002E24C3 /* UIKit.framework */; };
		1AEAE24C15C3873E002E24C3 /* Foundation.framework in Frameworks */ = {isa = PBXBuildFile; fileRef = 1AEAE24B15C3873E002E24C3 /* Foundation.framework */; };
		1AEAE24E15C3873E002E24C3 /* CoreGraphics.framework in Frameworks */ = {isa = PBXBuildFile; fileRef = 1AEAE24D15C3873E002E24C3 /* CoreGraphics.framework */; };
		1AEAE25415C3873E002E24C3 /* InfoPlist.strings in Resources */ = {isa = PBXBuildFile; fileRef = 1AEAE25215C3873E002E24C3 /* InfoPlist.strings */; };
		1AEAE25615C3873E002E24C3 /* main.m in Sources */ = {isa = PBXBuildFile; fileRef = 1AEAE25515C3873E002E24C3 /* main.m */; };
		1AEAE25A15C3873E002E24C3 /* AppDelegate.m in Sources */ = {isa = PBXBuildFile; fileRef = 1AEAE25915C3873E002E24C3 /* AppDelegate.m */; };
		1AEAE25D15C3873E002E24C3 /* MainStoryboard.storyboard in Resources */ = {isa = PBXBuildFile; fileRef = 1AEAE25B15C3873E002E24C3 /* MainStoryboard.storyboard */; };
		1AEAE26915C388C8002E24C3 /* bg-4.jpg in Resources */ = {isa = PBXBuildFile; fileRef = 1AEAE26815C388C8002E24C3 /* bg-4.jpg */; };
		1AEAE26C15C388E5002E24C3 /* bg-2.jpg in Resources */ = {isa = PBXBuildFile; fileRef = 1AEAE26A15C388E5002E24C3 /* bg-2.jpg */; };
		1AEAE26D15C388E5002E24C3 /* bg-3.jpg in Resources */ = {isa = PBXBuildFile; fileRef = 1AEAE26B15C388E5002E24C3 /* bg-3.jpg */; };
		1AEAE27015C388F5002E24C3 /* inspiration.png in Resources */ = {isa = PBXBuildFile; fileRef = 1AEAE26F15C388F5002E24C3 /* inspiration.png */; };
		1AEAE27215C38A60002E24C3 /* logo-large-fff.png in Resources */ = {isa = PBXBuildFile; fileRef = 1AEAE27115C38A60002E24C3 /* logo-large-fff.png */; };
		1AEAE27415C38A76002E24C3 /* 1-ipad.jpg in Resources */ = {isa = PBXBuildFile; fileRef = 1AEAE27315C38A76002E24C3 /* 1-ipad.jpg */; };
		1AEAE27815C38A84002E24C3 /* 2-ipad.jpg in Resources */ = {isa = PBXBuildFile; fileRef = 1AEAE27515C38A84002E24C3 /* 2-ipad.jpg */; };
		1AEAE27915C38A84002E24C3 /* 3-ipad.jpg in Resources */ = {isa = PBXBuildFile; fileRef = 1AEAE27615C38A84002E24C3 /* 3-ipad.jpg */; };
		1AEAE27A15C38A84002E24C3 /* 4-ipad.jpg in Resources */ = {isa = PBXBuildFile; fileRef = 1AEAE27715C38A84002E24C3 /* 4-ipad.jpg */; };
/* End PBXBuildFile section */

/* Begin PBXFileReference section */
		1ACB9AFB15C3F8960098E15A /* LocationService.h */ = {isa = PBXFileReference; fileEncoding = 4; lastKnownFileType = sourcecode.c.h; path = LocationService.h; sourceTree = "<group>"; };
		1ACB9AFC15C3F8960098E15A /* LocationService.m */ = {isa = PBXFileReference; fileEncoding = 4; lastKnownFileType = sourcecode.c.objc; path = LocationService.m; sourceTree = "<group>"; };
		1ACB9AFF15C3FF720098E15A /* LoginViewController.h */ = {isa = PBXFileReference; fileEncoding = 4; lastKnownFileType = sourcecode.c.h; path = LoginViewController.h; sourceTree = "<group>"; };
		1ACB9B0015C3FF720098E15A /* LoginViewController.m */ = {isa = PBXFileReference; fileEncoding = 4; lastKnownFileType = sourcecode.c.objc; path = LoginViewController.m; sourceTree = "<group>"; };
		1ACB9B0315C3FF880098E15A /* MapAnnotations.h */ = {isa = PBXFileReference; fileEncoding = 4; lastKnownFileType = sourcecode.c.h; path = MapAnnotations.h; sourceTree = "<group>"; };
		1ACB9B0415C3FF880098E15A /* MapAnnotations.m */ = {isa = PBXFileReference; fileEncoding = 4; lastKnownFileType = sourcecode.c.objc; path = MapAnnotations.m; sourceTree = "<group>"; };
		1ACB9B0515C3FF880098E15A /* MapViewController.h */ = {isa = PBXFileReference; fileEncoding = 4; lastKnownFileType = sourcecode.c.h; path = MapViewController.h; sourceTree = "<group>"; };
		1ACB9B0615C3FF880098E15A /* MapViewController.m */ = {isa = PBXFileReference; fileEncoding = 4; lastKnownFileType = sourcecode.c.objc; path = MapViewController.m; sourceTree = "<group>"; };
		1ACB9B0715C3FF880098E15A /* MapViewDelegate.h */ = {isa = PBXFileReference; fileEncoding = 4; lastKnownFileType = sourcecode.c.h; path = MapViewDelegate.h; sourceTree = "<group>"; };
		1ACB9B0815C3FF880098E15A /* MapViewDelegate.m */ = {isa = PBXFileReference; fileEncoding = 4; lastKnownFileType = sourcecode.c.objc; path = MapViewDelegate.m; sourceTree = "<group>"; };
		1AEAE24515C3873E002E24C3 /* HoorooHoliday.app */ = {isa = PBXFileReference; explicitFileType = wrapper.application; includeInIndex = 0; path = HoorooHoliday.app; sourceTree = BUILT_PRODUCTS_DIR; };
		1AEAE24915C3873E002E24C3 /* UIKit.framework */ = {isa = PBXFileReference; lastKnownFileType = wrapper.framework; name = UIKit.framework; path = System/Library/Frameworks/UIKit.framework; sourceTree = SDKROOT; };
		1AEAE24B15C3873E002E24C3 /* Foundation.framework */ = {isa = PBXFileReference; lastKnownFileType = wrapper.framework; name = Foundation.framework; path = System/Library/Frameworks/Foundation.framework; sourceTree = SDKROOT; };
		1AEAE24D15C3873E002E24C3 /* CoreGraphics.framework */ = {isa = PBXFileReference; lastKnownFileType = wrapper.framework; name = CoreGraphics.framework; path = System/Library/Frameworks/CoreGraphics.framework; sourceTree = SDKROOT; };
		1AEAE25115C3873E002E24C3 /* HoorooHoliday-Info.plist */ = {isa = PBXFileReference; lastKnownFileType = text.plist.xml; path = "HoorooHoliday-Info.plist"; sourceTree = "<group>"; };
		1AEAE25315C3873E002E24C3 /* en */ = {isa = PBXFileReference; lastKnownFileType = text.plist.strings; name = en; path = en.lproj/InfoPlist.strings; sourceTree = "<group>"; };
		1AEAE25515C3873E002E24C3 /* main.m */ = {isa = PBXFileReference; lastKnownFileType = sourcecode.c.objc; path = main.m; sourceTree = "<group>"; };
		1AEAE25715C3873E002E24C3 /* HoorooHoliday-Prefix.pch */ = {isa = PBXFileReference; lastKnownFileType = sourcecode.c.h; path = "HoorooHoliday-Prefix.pch"; sourceTree = "<group>"; };
		1AEAE25815C3873E002E24C3 /* AppDelegate.h */ = {isa = PBXFileReference; lastKnownFileType = sourcecode.c.h; path = AppDelegate.h; sourceTree = "<group>"; };
		1AEAE25915C3873E002E24C3 /* AppDelegate.m */ = {isa = PBXFileReference; lastKnownFileType = sourcecode.c.objc; path = AppDelegate.m; sourceTree = "<group>"; };
		1AEAE25C15C3873E002E24C3 /* en */ = {isa = PBXFileReference; lastKnownFileType = file.storyboard; name = en; path = en.lproj/MainStoryboard.storyboard; sourceTree = "<group>"; };
		1AEAE26815C388C8002E24C3 /* bg-4.jpg */ = {isa = PBXFileReference; lastKnownFileType = image.jpeg; path = "bg-4.jpg"; sourceTree = "<group>"; };
		1AEAE26A15C388E5002E24C3 /* bg-2.jpg */ = {isa = PBXFileReference; lastKnownFileType = image.jpeg; path = "bg-2.jpg"; sourceTree = "<group>"; };
		1AEAE26B15C388E5002E24C3 /* bg-3.jpg */ = {isa = PBXFileReference; lastKnownFileType = image.jpeg; path = "bg-3.jpg"; sourceTree = "<group>"; };
		1AEAE26F15C388F5002E24C3 /* inspiration.png */ = {isa = PBXFileReference; lastKnownFileType = image.png; path = inspiration.png; sourceTree = "<group>"; };
		1AEAE27115C38A60002E24C3 /* logo-large-fff.png */ = {isa = PBXFileReference; lastKnownFileType = image.png; path = "logo-large-fff.png"; sourceTree = "<group>"; };
		1AEAE27315C38A76002E24C3 /* 1-ipad.jpg */ = {isa = PBXFileReference; lastKnownFileType = image.jpeg; path = "1-ipad.jpg"; sourceTree = "<group>"; };
		1AEAE27515C38A84002E24C3 /* 2-ipad.jpg */ = {isa = PBXFileReference; lastKnownFileType = image.jpeg; path = "2-ipad.jpg"; sourceTree = "<group>"; };
		1AEAE27615C38A84002E24C3 /* 3-ipad.jpg */ = {isa = PBXFileReference; lastKnownFileType = image.jpeg; path = "3-ipad.jpg"; sourceTree = "<group>"; };
		1AEAE27715C38A84002E24C3 /* 4-ipad.jpg */ = {isa = PBXFileReference; lastKnownFileType = image.jpeg; path = "4-ipad.jpg"; sourceTree = "<group>"; };
		1AEAE27F15C38E85002E24C3 /* MapKit.framework */ = {isa = PBXFileReference; lastKnownFileType = wrapper.framework; name = MapKit.framework; path = System/Library/Frameworks/MapKit.framework; sourceTree = SDKROOT; };
/* End PBXFileReference section */

/* Begin PBXFrameworksBuildPhase section */
		1AEAE24215C3873E002E24C3 /* Frameworks */ = {
			isa = PBXFrameworksBuildPhase;
			buildActionMask = 2147483647;
			files = (
				1A84BCCE15C3C6270024BBE5 /* MapKit.framework in Frameworks */,
				1AEAE24A15C3873E002E24C3 /* UIKit.framework in Frameworks */,
				1AEAE24C15C3873E002E24C3 /* Foundation.framework in Frameworks */,
				1AEAE24E15C3873E002E24C3 /* CoreGraphics.framework in Frameworks */,
			);
			runOnlyForDeploymentPostprocessing = 0;
		};
/* End PBXFrameworksBuildPhase section */

/* Begin PBXGroup section */
		1ACB9AF915C3F8710098E15A /* location */ = {
			isa = PBXGroup;
			children = (
				1ACB9AFB15C3F8960098E15A /* LocationService.h */,
				1ACB9AFC15C3F8960098E15A /* LocationService.m */,
			);
			name = location;
			sourceTree = "<group>";
		};
		1ACB9AFE15C3FF5D0098E15A /* login */ = {
			isa = PBXGroup;
			children = (
				1ACB9AFF15C3FF720098E15A /* LoginViewController.h */,
				1ACB9B0015C3FF720098E15A /* LoginViewController.m */,
			);
			name = login;
			sourceTree = "<group>";
		};
		1ACB9B0215C3FF7B0098E15A /* mapping */ = {
			isa = PBXGroup;
			children = (
				1ACB9B0315C3FF880098E15A /* MapAnnotations.h */,
				1ACB9B0415C3FF880098E15A /* MapAnnotations.m */,
				1ACB9B0515C3FF880098E15A /* MapViewController.h */,
				1ACB9B0615C3FF880098E15A /* MapViewController.m */,
				1ACB9B0715C3FF880098E15A /* MapViewDelegate.h */,
				1ACB9B0815C3FF880098E15A /* MapViewDelegate.m */,
			);
			name = mapping;
			sourceTree = "<group>";
		};
		1AEAE23A15C3873E002E24C3 = {
			isa = PBXGroup;
			children = (
				1AEAE27F15C38E85002E24C3 /* MapKit.framework */,
				1AEAE24F15C3873E002E24C3 /* HoorooHoliday */,
				1AEAE24815C3873E002E24C3 /* Frameworks */,
				1AEAE24615C3873E002E24C3 /* Products */,
			);
			sourceTree = "<group>";
		};
		1AEAE24615C3873E002E24C3 /* Products */ = {
			isa = PBXGroup;
			children = (
				1AEAE24515C3873E002E24C3 /* HoorooHoliday.app */,
			);
			name = Products;
			sourceTree = "<group>";
		};
		1AEAE24815C3873E002E24C3 /* Frameworks */ = {
			isa = PBXGroup;
			children = (
				1AEAE24915C3873E002E24C3 /* UIKit.framework */,
				1AEAE24B15C3873E002E24C3 /* Foundation.framework */,
				1AEAE24D15C3873E002E24C3 /* CoreGraphics.framework */,
			);
			name = Frameworks;
			sourceTree = "<group>";
		};
		1AEAE24F15C3873E002E24C3 /* HoorooHoliday */ = {
			isa = PBXGroup;
			children = (
				1ACB9B0215C3FF7B0098E15A /* mapping */,
				1ACB9AFE15C3FF5D0098E15A /* login */,
				1ACB9AF915C3F8710098E15A /* location */,
				1AEAE26615C388B0002E24C3 /* images */,
				1AEAE25815C3873E002E24C3 /* AppDelegate.h */,
				1AEAE25915C3873E002E24C3 /* AppDelegate.m */,
				1AEAE25B15C3873E002E24C3 /* MainStoryboard.storyboard */,
				1AEAE25015C3873E002E24C3 /* Supporting Files */,
			);
			path = HoorooHoliday;
			sourceTree = "<group>";
		};
		1AEAE25015C3873E002E24C3 /* Supporting Files */ = {
			isa = PBXGroup;
			children = (
				1AEAE25115C3873E002E24C3 /* HoorooHoliday-Info.plist */,
				1AEAE25215C3873E002E24C3 /* InfoPlist.strings */,
				1AEAE25515C3873E002E24C3 /* main.m */,
				1AEAE25715C3873E002E24C3 /* HoorooHoliday-Prefix.pch */,
			);
			name = "Supporting Files";
			sourceTree = "<group>";
		};
		1AEAE26615C388B0002E24C3 /* images */ = {
			isa = PBXGroup;
			children = (
				1AEAE26E15C388EB002E24C3 /* text */,
				1AEAE26715C388BA002E24C3 /* backgrounds */,
			);
			name = images;
			sourceTree = "<group>";
		};
		1AEAE26715C388BA002E24C3 /* backgrounds */ = {
			isa = PBXGroup;
			children = (
				1AEAE27515C38A84002E24C3 /* 2-ipad.jpg */,
				1AEAE27615C38A84002E24C3 /* 3-ipad.jpg */,
				1AEAE27715C38A84002E24C3 /* 4-ipad.jpg */,
				1AEAE27315C38A76002E24C3 /* 1-ipad.jpg */,
				1AEAE26A15C388E5002E24C3 /* bg-2.jpg */,
				1AEAE26B15C388E5002E24C3 /* bg-3.jpg */,
				1AEAE26815C388C8002E24C3 /* bg-4.jpg */,
			);
			name = backgrounds;
			sourceTree = "<group>";
		};
		1AEAE26E15C388EB002E24C3 /* text */ = {
			isa = PBXGroup;
			children = (
				1AEAE27115C38A60002E24C3 /* logo-large-fff.png */,
				1AEAE26F15C388F5002E24C3 /* inspiration.png */,
			);
			name = text;
			sourceTree = "<group>";
		};
/* End PBXGroup section */

/* Begin PBXNativeTarget section */
		1AEAE24415C3873E002E24C3 /* HoorooHoliday */ = {
			isa = PBXNativeTarget;
			buildConfigurationList = 1AEAE26315C3873E002E24C3 /* Build configuration list for PBXNativeTarget "HoorooHoliday" */;
			buildPhases = (
				1AEAE24115C3873E002E24C3 /* Sources */,
				1AEAE24215C3873E002E24C3 /* Frameworks */,
				1AEAE24315C3873E002E24C3 /* Resources */,
			);
			buildRules = (
			);
			dependencies = (
			);
			name = HoorooHoliday;
			productName = HoorooHoliday;
			productReference = 1AEAE24515C3873E002E24C3 /* HoorooHoliday.app */;
			productType = "com.apple.product-type.application";
		};
/* End PBXNativeTarget section */

/* Begin PBXProject section */
		1AEAE23C15C3873E002E24C3 /* Project object */ = {
			isa = PBXProject;
			attributes = {
				LastUpgradeCheck = 0440;
				ORGANIZATIONNAME = "James Dunwoody";
			};
			buildConfigurationList = 1AEAE23F15C3873E002E24C3 /* Build configuration list for PBXProject "HoorooHoliday" */;
			compatibilityVersion = "Xcode 3.2";
			developmentRegion = English;
			hasScannedForEncodings = 0;
			knownRegions = (
				en,
			);
			mainGroup = 1AEAE23A15C3873E002E24C3;
			productRefGroup = 1AEAE24615C3873E002E24C3 /* Products */;
			projectDirPath = "";
			projectRoot = "";
			targets = (
				1AEAE24415C3873E002E24C3 /* HoorooHoliday */,
			);
		};
/* End PBXProject section */

/* Begin PBXResourcesBuildPhase section */
		1AEAE24315C3873E002E24C3 /* Resources */ = {
			isa = PBXResourcesBuildPhase;
			buildActionMask = 2147483647;
			files = (
				1AEAE25415C3873E002E24C3 /* InfoPlist.strings in Resources */,
				1AEAE25D15C3873E002E24C3 /* MainStoryboard.storyboard in Resources */,
				1AEAE26915C388C8002E24C3 /* bg-4.jpg in Resources */,
				1AEAE26C15C388E5002E24C3 /* bg-2.jpg in Resources */,
				1AEAE26D15C388E5002E24C3 /* bg-3.jpg in Resources */,
				1AEAE27015C388F5002E24C3 /* inspiration.png in Resources */,
				1AEAE27215C38A60002E24C3 /* logo-large-fff.png in Resources */,
				1AEAE27415C38A76002E24C3 /* 1-ipad.jpg in Resources */,
				1AEAE27815C38A84002E24C3 /* 2-ipad.jpg in Resources */,
				1AEAE27915C38A84002E24C3 /* 3-ipad.jpg in Resources */,
				1AEAE27A15C38A84002E24C3 /* 4-ipad.jpg in Resources */,
			);
			runOnlyForDeploymentPostprocessing = 0;
		};
/* End PBXResourcesBuildPhase section */

/* Begin PBXSourcesBuildPhase section */
		1AEAE24115C3873E002E24C3 /* Sources */ = {
			isa = PBXSourcesBuildPhase;
			buildActionMask = 2147483647;
			files = (
				1AEAE25615C3873E002E24C3 /* main.m in Sources */,
				1AEAE25A15C3873E002E24C3 /* AppDelegate.m in Sources */,
				1ACB9AFD15C3F8960098E15A /* LocationService.m in Sources */,
				1ACB9B0115C3FF720098E15A /* LoginViewController.m in Sources */,
				1ACB9B0915C3FF880098E15A /* MapAnnotations.m in Sources */,
				1ACB9B0A15C3FF880098E15A /* MapViewController.m in Sources */,
				1ACB9B0B15C3FF880098E15A /* MapViewDelegate.m in Sources */,
			);
			runOnlyForDeploymentPostprocessing = 0;
		};
/* End PBXSourcesBuildPhase section */

/* Begin PBXVariantGroup section */
		1AEAE25215C3873E002E24C3 /* InfoPlist.strings */ = {
			isa = PBXVariantGroup;
			children = (
				1AEAE25315C3873E002E24C3 /* en */,
			);
			name = InfoPlist.strings;
			sourceTree = "<group>";
		};
		1AEAE25B15C3873E002E24C3 /* MainStoryboard.storyboard */ = {
			isa = PBXVariantGroup;
			children = (
				1AEAE25C15C3873E002E24C3 /* en */,
			);
			name = MainStoryboard.storyboard;
			sourceTree = "<group>";
		};
/* End PBXVariantGroup section */

/* Begin XCBuildConfiguration section */
		1AEAE26115C3873E002E24C3 /* Debug */ = {
			isa = XCBuildConfiguration;
			buildSettings = {
				ALWAYS_SEARCH_USER_PATHS = NO;
				ARCHS = "$(ARCHS_STANDARD_32_BIT)";
				CLANG_CXX_LANGUAGE_STANDARD = "gnu++0x";
				CLANG_ENABLE_OBJC_ARC = YES;
				CLANG_WARN__DUPLICATE_METHOD_MATCH = YES;
				"CODE_SIGN_IDENTITY[sdk=iphoneos*]" = "iPhone Developer";
				COPY_PHASE_STRIP = NO;
				GCC_C_LANGUAGE_STANDARD = gnu99;
				GCC_DYNAMIC_NO_PIC = NO;
				GCC_OPTIMIZATION_LEVEL = 0;
				GCC_PREPROCESSOR_DEFINITIONS = (
					"DEBUG=1",
					"$(inherited)",
				);
				GCC_SYMBOLS_PRIVATE_EXTERN = NO;
				GCC_VERSION = com.apple.compilers.llvm.clang.1_0;
				GCC_WARN_ABOUT_RETURN_TYPE = YES;
				GCC_WARN_UNINITIALIZED_AUTOS = YES;
				GCC_WARN_UNUSED_VARIABLE = YES;
				IPHONEOS_DEPLOYMENT_TARGET = 5.1;
				SDKROOT = iphoneos;
				TARGETED_DEVICE_FAMILY = 2;
			};
			name = Debug;
		};
		1AEAE26215C3873E002E24C3 /* Release */ = {
			isa = XCBuildConfiguration;
			buildSettings = {
				ALWAYS_SEARCH_USER_PATHS = NO;
				ARCHS = "$(ARCHS_STANDARD_32_BIT)";
				CLANG_CXX_LANGUAGE_STANDARD = "gnu++0x";
				CLANG_ENABLE_OBJC_ARC = YES;
				CLANG_WARN__DUPLICATE_METHOD_MATCH = YES;
				"CODE_SIGN_IDENTITY[sdk=iphoneos*]" = "iPhone Developer";
				COPY_PHASE_STRIP = YES;
				GCC_C_LANGUAGE_STANDARD = gnu99;
				GCC_VERSION = com.apple.compilers.llvm.clang.1_0;
				GCC_WARN_ABOUT_RETURN_TYPE = YES;
				GCC_WARN_UNINITIALIZED_AUTOS = YES;
				GCC_WARN_UNUSED_VARIABLE = YES;
				IPHONEOS_DEPLOYMENT_TARGET = 5.1;
				OTHER_CFLAGS = "-DNS_BLOCK_ASSERTIONS=1";
				SDKROOT = iphoneos;
				TARGETED_DEVICE_FAMILY = 2;
				VALIDATE_PRODUCT = YES;
			};
			name = Release;
		};
		1AEAE26415C3873E002E24C3 /* Debug */ = {
			isa = XCBuildConfiguration;
			buildSettings = {
				GCC_PRECOMPILE_PREFIX_HEADER = YES;
				GCC_PREFIX_HEADER = "HoorooHoliday/HoorooHoliday-Prefix.pch";
				INFOPLIST_FILE = "HoorooHoliday/HoorooHoliday-Info.plist";
				PRODUCT_NAME = "$(TARGET_NAME)";
				WRAPPER_EXTENSION = app;
			};
			name = Debug;
		};
		1AEAE26515C3873E002E24C3 /* Release */ = {
			isa = XCBuildConfiguration;
			buildSettings = {
				GCC_PRECOMPILE_PREFIX_HEADER = YES;
				GCC_PREFIX_HEADER = "HoorooHoliday/HoorooHoliday-Prefix.pch";
				INFOPLIST_FILE = "HoorooHoliday/HoorooHoliday-Info.plist";
				PRODUCT_NAME = "$(TARGET_NAME)";
				WRAPPER_EXTENSION = app;
			};
			name = Release;
		};
/* End XCBuildConfiguration section */

/* Begin XCConfigurationList section */
		1AEAE23F15C3873E002E24C3 /* Build configuration list for PBXProject "HoorooHoliday" */ = {
			isa = XCConfigurationList;
			buildConfigurations = (
				1AEAE26115C3873E002E24C3 /* Debug */,
				1AEAE26215C3873E002E24C3 /* Release */,
			);
			defaultConfigurationIsVisible = 0;
			defaultConfigurationName = Release;
		};
		1AEAE26315C3873E002E24C3 /* Build configuration list for PBXNativeTarget "HoorooHoliday" */ = {
			isa = XCConfigurationList;
			buildConfigurations = (
				1AEAE26415C3873E002E24C3 /* Debug */,
				1AEAE26515C3873E002E24C3 /* Release */,
			);
			defaultConfigurationIsVisible = 0;
			defaultConfigurationName = Release;
		};
/* End XCConfigurationList section */
	};
	rootObject = 1AEAE23C15C3873E002E24C3 /* Project object */;
}
