// !$*UTF8*$!
{
	archiveVersion = 1;
	classes = {
	};
	objectVersion = 46;
	objects = {

/* Begin PBXBuildFile section */
		1A41B48B15C56A47004B2D44 /* adelaide_hills.png in Resources */ = {isa = PBXBuildFile; fileRef = 1A41B46215C56A47004B2D44 /* adelaide_hills.png */; };
		1A41B48C15C56A47004B2D44 /* adelaide.png in Resources */ = {isa = PBXBuildFile; fileRef = 1A41B46315C56A47004B2D44 /* adelaide.png */; };
		1A41B48D15C56A47004B2D44 /* barossa_valley.png in Resources */ = {isa = PBXBuildFile; fileRef = 1A41B46415C56A47004B2D44 /* barossa_valley.png */; };
		1A41B48E15C56A47004B2D44 /* blue_mountains.png in Resources */ = {isa = PBXBuildFile; fileRef = 1A41B46515C56A47004B2D44 /* blue_mountains.png */; };
		1A41B48F15C56A47004B2D44 /* brisbane.png in Resources */ = {isa = PBXBuildFile; fileRef = 1A41B46615C56A47004B2D44 /* brisbane.png */; };
		1A41B49015C56A47004B2D44 /* broome.png in Resources */ = {isa = PBXBuildFile; fileRef = 1A41B46715C56A47004B2D44 /* broome.png */; };
		1A41B49115C56A47004B2D44 /* byron_bay.png in Resources */ = {isa = PBXBuildFile; fileRef = 1A41B46815C56A47004B2D44 /* byron_bay.png */; };
		1A41B49215C56A47004B2D44 /* cairns.png in Resources */ = {isa = PBXBuildFile; fileRef = 1A41B46915C56A47004B2D44 /* cairns.png */; };
		1A41B49315C56A47004B2D44 /* canberra.png in Resources */ = {isa = PBXBuildFile; fileRef = 1A41B46A15C56A47004B2D44 /* canberra.png */; };
		1A41B49415C56A47004B2D44 /* central_coast.png in Resources */ = {isa = PBXBuildFile; fileRef = 1A41B46B15C56A47004B2D44 /* central_coast.png */; };
		1A41B49515C56A47004B2D44 /* cradle_mountain.png in Resources */ = {isa = PBXBuildFile; fileRef = 1A41B46C15C56A47004B2D44 /* cradle_mountain.png */; };
		1A41B49615C56A47004B2D44 /* darwin.png in Resources */ = {isa = PBXBuildFile; fileRef = 1A41B46D15C56A47004B2D44 /* darwin.png */; };
		1A41B49715C56A47004B2D44 /* daylesford.png in Resources */ = {isa = PBXBuildFile; fileRef = 1A41B46E15C56A47004B2D44 /* daylesford.png */; };
		1A41B49815C56A47004B2D44 /* exmouth.png in Resources */ = {isa = PBXBuildFile; fileRef = 1A41B46F15C56A47004B2D44 /* exmouth.png */; };
		1A41B49915C56A47004B2D44 /* fleurieu_peninsula.png in Resources */ = {isa = PBXBuildFile; fileRef = 1A41B47015C56A47004B2D44 /* fleurieu_peninsula.png */; };
		1A41B49A15C56A47004B2D44 /* fraser_island.png in Resources */ = {isa = PBXBuildFile; fileRef = 1A41B47115C56A47004B2D44 /* fraser_island.png */; };
		1A41B49B15C56A47004B2D44 /* gold_coast.png in Resources */ = {isa = PBXBuildFile; fileRef = 1A41B47215C56A47004B2D44 /* gold_coast.png */; };
		1A41B49C15C56A47004B2D44 /* great_ocean_road.png in Resources */ = {isa = PBXBuildFile; fileRef = 1A41B47315C56A47004B2D44 /* great_ocean_road.png */; };
		1A41B49D15C56A47004B2D44 /* hobart.png in Resources */ = {isa = PBXBuildFile; fileRef = 1A41B47415C56A47004B2D44 /* hobart.png */; };
		1A41B49E15C56A47004B2D44 /* hunter_valley.png in Resources */ = {isa = PBXBuildFile; fileRef = 1A41B47515C56A47004B2D44 /* hunter_valley.png */; };
		1A41B49F15C56A47004B2D44 /* kakadu.png in Resources */ = {isa = PBXBuildFile; fileRef = 1A41B47615C56A47004B2D44 /* kakadu.png */; };
		1A41B4A015C56A47004B2D44 /* kangaroo_island.png in Resources */ = {isa = PBXBuildFile; fileRef = 1A41B47715C56A47004B2D44 /* kangaroo_island.png */; };
		1A41B4A115C56A47004B2D44 /* kimberley.png in Resources */ = {isa = PBXBuildFile; fileRef = 1A41B47815C56A47004B2D44 /* kimberley.png */; };
		1A41B4A215C56A47004B2D44 /* launceston.png in Resources */ = {isa = PBXBuildFile; fileRef = 1A41B47915C56A47004B2D44 /* launceston.png */; };
		1A41B4A315C56A47004B2D44 /* lord_howe_island.png in Resources */ = {isa = PBXBuildFile; fileRef = 1A41B47A15C56A47004B2D44 /* lord_howe_island.png */; };
		1A41B4A415C56A47004B2D44 /* margaret_river.png in Resources */ = {isa = PBXBuildFile; fileRef = 1A41B47B15C56A47004B2D44 /* margaret_river.png */; };
		1A41B4A515C56A47004B2D44 /* melbourne.png in Resources */ = {isa = PBXBuildFile; fileRef = 1A41B47C15C56A47004B2D44 /* melbourne.png */; };
		1A41B4A615C56A47004B2D44 /* mornington_peninsula.png in Resources */ = {isa = PBXBuildFile; fileRef = 1A41B47D15C56A47004B2D44 /* mornington_peninsula.png */; };
		1A41B4A715C56A47004B2D44 /* ningaloo.png in Resources */ = {isa = PBXBuildFile; fileRef = 1A41B47E15C56A47004B2D44 /* ningaloo.png */; };
		1A41B4A815C56A47004B2D44 /* noosa.png in Resources */ = {isa = PBXBuildFile; fileRef = 1A41B47F15C56A47004B2D44 /* noosa.png */; };
		1A41B4A915C56A47004B2D44 /* north_coast.png in Resources */ = {isa = PBXBuildFile; fileRef = 1A41B48015C56A47004B2D44 /* north_coast.png */; };
		1A41B4AA15C56A47004B2D44 /* perth.png in Resources */ = {isa = PBXBuildFile; fileRef = 1A41B48115C56A47004B2D44 /* perth.png */; };
		1A41B4AB15C56A47004B2D44 /* phillip_island.png in Resources */ = {isa = PBXBuildFile; fileRef = 1A41B48215C56A47004B2D44 /* phillip_island.png */; };
		1A41B4AC15C56A47004B2D44 /* port_douglas.png in Resources */ = {isa = PBXBuildFile; fileRef = 1A41B48315C56A47004B2D44 /* port_douglas.png */; };
		1A41B4AD15C56A47004B2D44 /* south_coast.png in Resources */ = {isa = PBXBuildFile; fileRef = 1A41B48415C56A47004B2D44 /* south_coast.png */; };
		1A41B4AE15C56A47004B2D44 /* sunshine_coast.png in Resources */ = {isa = PBXBuildFile; fileRef = 1A41B48515C56A47004B2D44 /* sunshine_coast.png */; };
		1A41B4AF15C56A47004B2D44 /* sydney.png in Resources */ = {isa = PBXBuildFile; fileRef = 1A41B48615C56A47004B2D44 /* sydney.png */; };
		1A41B4B015C56A47004B2D44 /* townsville.png in Resources */ = {isa = PBXBuildFile; fileRef = 1A41B48715C56A47004B2D44 /* townsville.png */; };
		1A41B4B115C56A47004B2D44 /* uluru.png in Resources */ = {isa = PBXBuildFile; fileRef = 1A41B48815C56A47004B2D44 /* uluru.png */; };
		1A41B4B215C56A47004B2D44 /* whitsundays.png in Resources */ = {isa = PBXBuildFile; fileRef = 1A41B48915C56A47004B2D44 /* whitsundays.png */; };
		1A41B4B315C56A47004B2D44 /* yarra_valley.png in Resources */ = {isa = PBXBuildFile; fileRef = 1A41B48A15C56A47004B2D44 /* yarra_valley.png */; };
		1A84BCCE15C3C6270024BBE5 /* MapKit.framework in Frameworks */ = {isa = PBXBuildFile; fileRef = 1AEAE27F15C38E85002E24C3 /* MapKit.framework */; };
		1AA6E97315C60DD7009B2630 /* ExperienceQuizUIViewController.m in Sources */ = {isa = PBXBuildFile; fileRef = 1AA6E97215C60DD7009B2630 /* ExperienceQuizUIViewController.m */; };
		1AA6E97615C60FD2009B2630 /* Quiz.m in Sources */ = {isa = PBXBuildFile; fileRef = 1AA6E97515C60FD2009B2630 /* Quiz.m */; };
		1AA6E97915C61065009B2630 /* Question.m in Sources */ = {isa = PBXBuildFile; fileRef = 1AA6E97815C61065009B2630 /* Question.m */; };
		1AA6E97C15C610AF009B2630 /* QuizService.m in Sources */ = {isa = PBXBuildFile; fileRef = 1AA6E97B15C610AF009B2630 /* QuizService.m */; };
		1AA6E98315C6390F009B2630 /* QuestionCell.m in Sources */ = {isa = PBXBuildFile; fileRef = 1AA6E98215C6390F009B2630 /* QuestionCell.m */; };
		1ABE0C7615C76ED300B6D377 /* ResultsUIViewController.m in Sources */ = {isa = PBXBuildFile; fileRef = 1ABE0C7515C76ED300B6D377 /* ResultsUIViewController.m */; };
		1ABE0C7915C7703400B6D377 /* ResultsCell.m in Sources */ = {isa = PBXBuildFile; fileRef = 1ABE0C7815C7703400B6D377 /* ResultsCell.m */; };
		1ABE0C8115C7912200B6D377 /* profile-64x64.png in Resources */ = {isa = PBXBuildFile; fileRef = 1ABE0C7F15C7912200B6D377 /* profile-64x64.png */; };
		1ABE0C8415C7918300B6D377 /* app_icon.png in Resources */ = {isa = PBXBuildFile; fileRef = 1ABE0C8215C7918200B6D377 /* app_icon.png */; };
		1ABE0C8515C7918300B6D377 /* app_icon@2x.png in Resources */ = {isa = PBXBuildFile; fileRef = 1ABE0C8315C7918200B6D377 /* app_icon@2x.png */; };
		1ABE0C8715C7918F00B6D377 /* app_icon.png in Resources */ = {isa = PBXBuildFile; fileRef = 1ABE0C8615C7918F00B6D377 /* app_icon.png */; };
		1ABE0C8915C7919800B6D377 /* app_icon@2x.png in Resources */ = {isa = PBXBuildFile; fileRef = 1ABE0C8815C7919800B6D377 /* app_icon@2x.png */; };
		1ABE0C8B15C7927800B6D377 /* confirmation-stamp.png in Resources */ = {isa = PBXBuildFile; fileRef = 1ABE0C8A15C7927800B6D377 /* confirmation-stamp.png */; };
		1ABE0C8E15C797DA00B6D377 /* header_inspired.gif in Resources */ = {isa = PBXBuildFile; fileRef = 1ABE0C8C15C797DA00B6D377 /* header_inspired.gif */; };
		1ABE0C8F15C797DA00B6D377 /* header_search.gif in Resources */ = {isa = PBXBuildFile; fileRef = 1ABE0C8D15C797DA00B6D377 /* header_search.gif */; };
		1ACB9AFD15C3F8960098E15A /* LocationService.m in Sources */ = {isa = PBXBuildFile; fileRef = 1ACB9AFC15C3F8960098E15A /* LocationService.m */; };
		1ACB9B0115C3FF720098E15A /* LoginViewController.m in Sources */ = {isa = PBXBuildFile; fileRef = 1ACB9B0015C3FF720098E15A /* LoginViewController.m */; };
		1ACB9B0915C3FF880098E15A /* MapAnnotation.m in Sources */ = {isa = PBXBuildFile; fileRef = 1ACB9B0415C3FF880098E15A /* MapAnnotation.m */; };
		1ACB9B0A15C3FF880098E15A /* MapViewController.m in Sources */ = {isa = PBXBuildFile; fileRef = 1ACB9B0615C3FF880098E15A /* MapViewController.m */; };
		1ACB9B0B15C3FF880098E15A /* MapViewDelegate.m in Sources */ = {isa = PBXBuildFile; fileRef = 1ACB9B0815C3FF880098E15A /* MapViewDelegate.m */; };
		1ACB9B1315C41CEA0098E15A /* locations.json in Resources */ = {isa = PBXBuildFile; fileRef = 1ACB9B1215C41CEA0098E15A /* locations.json */; };
		1ACB9B1715C41E860098E15A /* Location.m in Sources */ = {isa = PBXBuildFile; fileRef = 1ACB9B1615C41E860098E15A /* Location.m */; };
		1AEAE24A15C3873E002E24C3 /* UIKit.framework in Frameworks */ = {isa = PBXBuildFile; fileRef = 1AEAE24915C3873E002E24C3 /* UIKit.framework */; };
		1AEAE24C15C3873E002E24C3 /* Foundation.framework in Frameworks */ = {isa = PBXBuildFile; fileRef = 1AEAE24B15C3873E002E24C3 /* Foundation.framework */; };
		1AEAE24E15C3873E002E24C3 /* CoreGraphics.framework in Frameworks */ = {isa = PBXBuildFile; fileRef = 1AEAE24D15C3873E002E24C3 /* CoreGraphics.framework */; };
		1AEAE25415C3873E002E24C3 /* InfoPlist.strings in Resources */ = {isa = PBXBuildFile; fileRef = 1AEAE25215C3873E002E24C3 /* InfoPlist.strings */; };
		1AEAE25615C3873E002E24C3 /* main.m in Sources */ = {isa = PBXBuildFile; fileRef = 1AEAE25515C3873E002E24C3 /* main.m */; };
		1AEAE25A15C3873E002E24C3 /* AppDelegate.m in Sources */ = {isa = PBXBuildFile; fileRef = 1AEAE25915C3873E002E24C3 /* AppDelegate.m */; };
		1AEAE25D15C3873E002E24C3 /* MainStoryboard.storyboard in Resources */ = {isa = PBXBuildFile; fileRef = 1AEAE25B15C3873E002E24C3 /* MainStoryboard.storyboard */; };
		1AEAE26915C388C8002E24C3 /* bg-4.jpg in Resources */ = {isa = PBXBuildFile; fileRef = 1AEAE26815C388C8002E24C3 /* bg-4.jpg */; };
		1AEAE26C15C388E5002E24C3 /* bg-2.jpg in Resources */ = {isa = PBXBuildFile; fileRef = 1AEAE26A15C388E5002E24C3 /* bg-2.jpg */; };
		1AEAE26D15C388E5002E24C3 /* bg-3.jpg in Resources */ = {isa = PBXBuildFile; fileRef = 1AEAE26B15C388E5002E24C3 /* bg-3.jpg */; };
		1AEAE27015C388F5002E24C3 /* inspiration.png in Resources */ = {isa = PBXBuildFile; fileRef = 1AEAE26F15C388F5002E24C3 /* inspiration.png */; };
		1AEAE27215C38A60002E24C3 /* logo-large-fff.png in Resources */ = {isa = PBXBuildFile; fileRef = 1AEAE27115C38A60002E24C3 /* logo-large-fff.png */; };
		1AEAE27415C38A76002E24C3 /* 1-ipad.jpg in Resources */ = {isa = PBXBuildFile; fileRef = 1AEAE27315C38A76002E24C3 /* 1-ipad.jpg */; };
		1AEAE27815C38A84002E24C3 /* 2-ipad.jpg in Resources */ = {isa = PBXBuildFile; fileRef = 1AEAE27515C38A84002E24C3 /* 2-ipad.jpg */; };
		1AEAE27915C38A84002E24C3 /* 3-ipad.jpg in Resources */ = {isa = PBXBuildFile; fileRef = 1AEAE27615C38A84002E24C3 /* 3-ipad.jpg */; };
		1AEAE27A15C38A84002E24C3 /* 4-ipad.jpg in Resources */ = {isa = PBXBuildFile; fileRef = 1AEAE27715C38A84002E24C3 /* 4-ipad.jpg */; };
/* End PBXBuildFile section */

/* Begin PBXFileReference section */
		1A41B46215C56A47004B2D44 /* adelaide_hills.png */ = {isa = PBXFileReference; lastKnownFileType = image.png; path = adelaide_hills.png; sourceTree = "<group>"; };
		1A41B46315C56A47004B2D44 /* adelaide.png */ = {isa = PBXFileReference; lastKnownFileType = image.png; path = adelaide.png; sourceTree = "<group>"; };
		1A41B46415C56A47004B2D44 /* barossa_valley.png */ = {isa = PBXFileReference; lastKnownFileType = image.png; path = barossa_valley.png; sourceTree = "<group>"; };
		1A41B46515C56A47004B2D44 /* blue_mountains.png */ = {isa = PBXFileReference; lastKnownFileType = image.png; path = blue_mountains.png; sourceTree = "<group>"; };
		1A41B46615C56A47004B2D44 /* brisbane.png */ = {isa = PBXFileReference; lastKnownFileType = image.png; path = brisbane.png; sourceTree = "<group>"; };
		1A41B46715C56A47004B2D44 /* broome.png */ = {isa = PBXFileReference; lastKnownFileType = image.png; path = broome.png; sourceTree = "<group>"; };
		1A41B46815C56A47004B2D44 /* byron_bay.png */ = {isa = PBXFileReference; lastKnownFileType = image.png; path = byron_bay.png; sourceTree = "<group>"; };
		1A41B46915C56A47004B2D44 /* cairns.png */ = {isa = PBXFileReference; lastKnownFileType = image.png; path = cairns.png; sourceTree = "<group>"; };
		1A41B46A15C56A47004B2D44 /* canberra.png */ = {isa = PBXFileReference; lastKnownFileType = image.png; path = canberra.png; sourceTree = "<group>"; };
		1A41B46B15C56A47004B2D44 /* central_coast.png */ = {isa = PBXFileReference; lastKnownFileType = image.png; path = central_coast.png; sourceTree = "<group>"; };
		1A41B46C15C56A47004B2D44 /* cradle_mountain.png */ = {isa = PBXFileReference; lastKnownFileType = image.png; path = cradle_mountain.png; sourceTree = "<group>"; };
		1A41B46D15C56A47004B2D44 /* darwin.png */ = {isa = PBXFileReference; lastKnownFileType = image.png; path = darwin.png; sourceTree = "<group>"; };
		1A41B46E15C56A47004B2D44 /* daylesford.png */ = {isa = PBXFileReference; lastKnownFileType = image.png; path = daylesford.png; sourceTree = "<group>"; };
		1A41B46F15C56A47004B2D44 /* exmouth.png */ = {isa = PBXFileReference; lastKnownFileType = image.png; path = exmouth.png; sourceTree = "<group>"; };
		1A41B47015C56A47004B2D44 /* fleurieu_peninsula.png */ = {isa = PBXFileReference; lastKnownFileType = image.png; path = fleurieu_peninsula.png; sourceTree = "<group>"; };
		1A41B47115C56A47004B2D44 /* fraser_island.png */ = {isa = PBXFileReference; lastKnownFileType = image.png; path = fraser_island.png; sourceTree = "<group>"; };
		1A41B47215C56A47004B2D44 /* gold_coast.png */ = {isa = PBXFileReference; lastKnownFileType = image.png; path = gold_coast.png; sourceTree = "<group>"; };
		1A41B47315C56A47004B2D44 /* great_ocean_road.png */ = {isa = PBXFileReference; lastKnownFileType = image.png; path = great_ocean_road.png; sourceTree = "<group>"; };
		1A41B47415C56A47004B2D44 /* hobart.png */ = {isa = PBXFileReference; lastKnownFileType = image.png; path = hobart.png; sourceTree = "<group>"; };
		1A41B47515C56A47004B2D44 /* hunter_valley.png */ = {isa = PBXFileReference; lastKnownFileType = image.png; path = hunter_valley.png; sourceTree = "<group>"; };
		1A41B47615C56A47004B2D44 /* kakadu.png */ = {isa = PBXFileReference; lastKnownFileType = image.png; path = kakadu.png; sourceTree = "<group>"; };
		1A41B47715C56A47004B2D44 /* kangaroo_island.png */ = {isa = PBXFileReference; lastKnownFileType = image.png; path = kangaroo_island.png; sourceTree = "<group>"; };
		1A41B47815C56A47004B2D44 /* kimberley.png */ = {isa = PBXFileReference; lastKnownFileType = image.png; path = kimberley.png; sourceTree = "<group>"; };
		1A41B47915C56A47004B2D44 /* launceston.png */ = {isa = PBXFileReference; lastKnownFileType = image.png; path = launceston.png; sourceTree = "<group>"; };
		1A41B47A15C56A47004B2D44 /* lord_howe_island.png */ = {isa = PBXFileReference; lastKnownFileType = image.png; path = lord_howe_island.png; sourceTree = "<group>"; };
		1A41B47B15C56A47004B2D44 /* margaret_river.png */ = {isa = PBXFileReference; lastKnownFileType = image.png; path = margaret_river.png; sourceTree = "<group>"; };
		1A41B47C15C56A47004B2D44 /* melbourne.png */ = {isa = PBXFileReference; lastKnownFileType = image.png; path = melbourne.png; sourceTree = "<group>"; };
		1A41B47D15C56A47004B2D44 /* mornington_peninsula.png */ = {isa = PBXFileReference; lastKnownFileType = image.png; path = mornington_peninsula.png; sourceTree = "<group>"; };
		1A41B47E15C56A47004B2D44 /* ningaloo.png */ = {isa = PBXFileReference; lastKnownFileType = image.png; path = ningaloo.png; sourceTree = "<group>"; };
		1A41B47F15C56A47004B2D44 /* noosa.png */ = {isa = PBXFileReference; lastKnownFileType = image.png; path = noosa.png; sourceTree = "<group>"; };
		1A41B48015C56A47004B2D44 /* north_coast.png */ = {isa = PBXFileReference; lastKnownFileType = image.png; path = north_coast.png; sourceTree = "<group>"; };
		1A41B48115C56A47004B2D44 /* perth.png */ = {isa = PBXFileReference; lastKnownFileType = image.png; path = perth.png; sourceTree = "<group>"; };
		1A41B48215C56A47004B2D44 /* phillip_island.png */ = {isa = PBXFileReference; lastKnownFileType = image.png; path = phillip_island.png; sourceTree = "<group>"; };
		1A41B48315C56A47004B2D44 /* port_douglas.png */ = {isa = PBXFileReference; lastKnownFileType = image.png; path = port_douglas.png; sourceTree = "<group>"; };
		1A41B48415C56A47004B2D44 /* south_coast.png */ = {isa = PBXFileReference; lastKnownFileType = image.png; path = south_coast.png; sourceTree = "<group>"; };
		1A41B48515C56A47004B2D44 /* sunshine_coast.png */ = {isa = PBXFileReference; lastKnownFileType = image.png; path = sunshine_coast.png; sourceTree = "<group>"; };
		1A41B48615C56A47004B2D44 /* sydney.png */ = {isa = PBXFileReference; lastKnownFileType = image.png; path = sydney.png; sourceTree = "<group>"; };
		1A41B48715C56A47004B2D44 /* townsville.png */ = {isa = PBXFileReference; lastKnownFileType = image.png; path = townsville.png; sourceTree = "<group>"; };
		1A41B48815C56A47004B2D44 /* uluru.png */ = {isa = PBXFileReference; lastKnownFileType = image.png; path = uluru.png; sourceTree = "<group>"; };
		1A41B48915C56A47004B2D44 /* whitsundays.png */ = {isa = PBXFileReference; lastKnownFileType = image.png; path = whitsundays.png; sourceTree = "<group>"; };
		1A41B48A15C56A47004B2D44 /* yarra_valley.png */ = {isa = PBXFileReference; lastKnownFileType = image.png; path = yarra_valley.png; sourceTree = "<group>"; };
		1AA6E97115C60DD7009B2630 /* ExperienceQuizUIViewController.h */ = {isa = PBXFileReference; fileEncoding = 4; lastKnownFileType = sourcecode.c.h; path = ExperienceQuizUIViewController.h; sourceTree = "<group>"; };
		1AA6E97215C60DD7009B2630 /* ExperienceQuizUIViewController.m */ = {isa = PBXFileReference; fileEncoding = 4; lastKnownFileType = sourcecode.c.objc; path = ExperienceQuizUIViewController.m; sourceTree = "<group>"; };
		1AA6E97415C60FD2009B2630 /* Quiz.h */ = {isa = PBXFileReference; fileEncoding = 4; lastKnownFileType = sourcecode.c.h; path = Quiz.h; sourceTree = "<group>"; };
		1AA6E97515C60FD2009B2630 /* Quiz.m */ = {isa = PBXFileReference; fileEncoding = 4; lastKnownFileType = sourcecode.c.objc; path = Quiz.m; sourceTree = "<group>"; };
		1AA6E97715C61065009B2630 /* Question.h */ = {isa = PBXFileReference; fileEncoding = 4; lastKnownFileType = sourcecode.c.h; path = Question.h; sourceTree = "<group>"; };
		1AA6E97815C61065009B2630 /* Question.m */ = {isa = PBXFileReference; fileEncoding = 4; lastKnownFileType = sourcecode.c.objc; path = Question.m; sourceTree = "<group>"; };
		1AA6E97A15C610AF009B2630 /* QuizService.h */ = {isa = PBXFileReference; fileEncoding = 4; lastKnownFileType = sourcecode.c.h; path = QuizService.h; sourceTree = "<group>"; };
		1AA6E97B15C610AF009B2630 /* QuizService.m */ = {isa = PBXFileReference; fileEncoding = 4; lastKnownFileType = sourcecode.c.objc; path = QuizService.m; sourceTree = "<group>"; };
		1AA6E98115C6390E009B2630 /* QuestionCell.h */ = {isa = PBXFileReference; fileEncoding = 4; lastKnownFileType = sourcecode.c.h; path = QuestionCell.h; sourceTree = "<group>"; };
		1AA6E98215C6390F009B2630 /* QuestionCell.m */ = {isa = PBXFileReference; fileEncoding = 4; lastKnownFileType = sourcecode.c.objc; path = QuestionCell.m; sourceTree = "<group>"; };
		1ABE0C7415C76ED300B6D377 /* ResultsUIViewController.h */ = {isa = PBXFileReference; fileEncoding = 4; lastKnownFileType = sourcecode.c.h; path = ResultsUIViewController.h; sourceTree = "<group>"; };
		1ABE0C7515C76ED300B6D377 /* ResultsUIViewController.m */ = {isa = PBXFileReference; fileEncoding = 4; lastKnownFileType = sourcecode.c.objc; path = ResultsUIViewController.m; sourceTree = "<group>"; };
		1ABE0C7715C7703400B6D377 /* ResultsCell.h */ = {isa = PBXFileReference; fileEncoding = 4; lastKnownFileType = sourcecode.c.h; path = ResultsCell.h; sourceTree = "<group>"; };
		1ABE0C7815C7703400B6D377 /* ResultsCell.m */ = {isa = PBXFileReference; fileEncoding = 4; lastKnownFileType = sourcecode.c.objc; path = ResultsCell.m; sourceTree = "<group>"; };
		1ABE0C7F15C7912200B6D377 /* profile-64x64.png */ = {isa = PBXFileReference; lastKnownFileType = image.png; name = "profile-64x64.png"; path = "HoorooHoliday/profile-64x64.png"; sourceTree = "<group>"; };
		1ABE0C8215C7918200B6D377 /* app_icon.png */ = {isa = PBXFileReference; lastKnownFileType = image.png; name = app_icon.png; path = HoorooHoliday/app_icon.png; sourceTree = "<group>"; };
		1ABE0C8315C7918200B6D377 /* app_icon@2x.png */ = {isa = PBXFileReference; lastKnownFileType = image.png; name = "app_icon@2x.png"; path = "HoorooHoliday/app_icon@2x.png"; sourceTree = "<group>"; };
		1ABE0C8615C7918F00B6D377 /* app_icon.png */ = {isa = PBXFileReference; lastKnownFileType = image.png; path = app_icon.png; sourceTree = "<group>"; };
		1ABE0C8815C7919800B6D377 /* app_icon@2x.png */ = {isa = PBXFileReference; lastKnownFileType = image.png; path = "app_icon@2x.png"; sourceTree = "<group>"; };
		1ABE0C8A15C7927800B6D377 /* confirmation-stamp.png */ = {isa = PBXFileReference; lastKnownFileType = image.png; name = "confirmation-stamp.png"; path = "../../../../work/jetstar/newco/app/assets/images/quagmire/skin/hooroo/confirmation-stamp.png"; sourceTree = "<group>"; };
		1ABE0C8C15C797DA00B6D377 /* header_inspired.gif */ = {isa = PBXFileReference; lastKnownFileType = image.gif; name = header_inspired.gif; path = HoorooHoliday/header_inspired.gif; sourceTree = "<group>"; };
		1ABE0C8D15C797DA00B6D377 /* header_search.gif */ = {isa = PBXFileReference; lastKnownFileType = image.gif; name = header_search.gif; path = HoorooHoliday/header_search.gif; sourceTree = "<group>"; };
		1ACB9AFB15C3F8960098E15A /* LocationService.h */ = {isa = PBXFileReference; fileEncoding = 4; lastKnownFileType = sourcecode.c.h; path = LocationService.h; sourceTree = "<group>"; };
		1ACB9AFC15C3F8960098E15A /* LocationService.m */ = {isa = PBXFileReference; fileEncoding = 4; lastKnownFileType = sourcecode.c.objc; path = LocationService.m; sourceTree = "<group>"; };
		1ACB9AFF15C3FF720098E15A /* LoginViewController.h */ = {isa = PBXFileReference; fileEncoding = 4; lastKnownFileType = sourcecode.c.h; path = LoginViewController.h; sourceTree = "<group>"; };
		1ACB9B0015C3FF720098E15A /* LoginViewController.m */ = {isa = PBXFileReference; fileEncoding = 4; lastKnownFileType = sourcecode.c.objc; path = LoginViewController.m; sourceTree = "<group>"; };
		1ACB9B0315C3FF880098E15A /* MapAnnotation.h */ = {isa = PBXFileReference; fileEncoding = 4; lastKnownFileType = sourcecode.c.h; path = MapAnnotation.h; sourceTree = "<group>"; };
		1ACB9B0415C3FF880098E15A /* MapAnnotation.m */ = {isa = PBXFileReference; fileEncoding = 4; lastKnownFileType = sourcecode.c.objc; path = MapAnnotation.m; sourceTree = "<group>"; };
		1ACB9B0515C3FF880098E15A /* MapViewController.h */ = {isa = PBXFileReference; fileEncoding = 4; lastKnownFileType = sourcecode.c.h; path = MapViewController.h; sourceTree = "<group>"; };
		1ACB9B0615C3FF880098E15A /* MapViewController.m */ = {isa = PBXFileReference; fileEncoding = 4; lastKnownFileType = sourcecode.c.objc; path = MapViewController.m; sourceTree = "<group>"; };
		1ACB9B0715C3FF880098E15A /* MapViewDelegate.h */ = {isa = PBXFileReference; fileEncoding = 4; lastKnownFileType = sourcecode.c.h; path = MapViewDelegate.h; sourceTree = "<group>"; };
		1ACB9B0815C3FF880098E15A /* MapViewDelegate.m */ = {isa = PBXFileReference; fileEncoding = 4; lastKnownFileType = sourcecode.c.objc; path = MapViewDelegate.m; sourceTree = "<group>"; };
		1ACB9B1215C41CEA0098E15A /* locations.json */ = {isa = PBXFileReference; fileEncoding = 4; lastKnownFileType = text.json; name = locations.json; path = ../../../Desktop/locations.json; sourceTree = "<group>"; };
		1ACB9B1515C41E860098E15A /* Location.h */ = {isa = PBXFileReference; fileEncoding = 4; lastKnownFileType = sourcecode.c.h; path = Location.h; sourceTree = "<group>"; };
		1ACB9B1615C41E860098E15A /* Location.m */ = {isa = PBXFileReference; fileEncoding = 4; lastKnownFileType = sourcecode.c.objc; path = Location.m; sourceTree = "<group>"; };
		1AEAE24515C3873E002E24C3 /* HoorooHoliday.app */ = {isa = PBXFileReference; explicitFileType = wrapper.application; includeInIndex = 0; path = HoorooHoliday.app; sourceTree = BUILT_PRODUCTS_DIR; };
		1AEAE24915C3873E002E24C3 /* UIKit.framework */ = {isa = PBXFileReference; lastKnownFileType = wrapper.framework; name = UIKit.framework; path = System/Library/Frameworks/UIKit.framework; sourceTree = SDKROOT; };
		1AEAE24B15C3873E002E24C3 /* Foundation.framework */ = {isa = PBXFileReference; lastKnownFileType = wrapper.framework; name = Foundation.framework; path = System/Library/Frameworks/Foundation.framework; sourceTree = SDKROOT; };
		1AEAE24D15C3873E002E24C3 /* CoreGraphics.framework */ = {isa = PBXFileReference; lastKnownFileType = wrapper.framework; name = CoreGraphics.framework; path = System/Library/Frameworks/CoreGraphics.framework; sourceTree = SDKROOT; };
		1AEAE25115C3873E002E24C3 /* HoorooHoliday-Info.plist */ = {isa = PBXFileReference; lastKnownFileType = text.plist.xml; path = "HoorooHoliday-Info.plist"; sourceTree = "<group>"; };
		1AEAE25315C3873E002E24C3 /* en */ = {isa = PBXFileReference; lastKnownFileType = text.plist.strings; name = en; path = en.lproj/InfoPlist.strings; sourceTree = "<group>"; };
		1AEAE25515C3873E002E24C3 /* main.m */ = {isa = PBXFileReference; lastKnownFileType = sourcecode.c.objc; path = main.m; sourceTree = "<group>"; };
		1AEAE25715C3873E002E24C3 /* HoorooHoliday-Prefix.pch */ = {isa = PBXFileReference; lastKnownFileType = sourcecode.c.h; path = "HoorooHoliday-Prefix.pch"; sourceTree = "<group>"; };
		1AEAE25815C3873E002E24C3 /* AppDelegate.h */ = {isa = PBXFileReference; lastKnownFileType = sourcecode.c.h; path = AppDelegate.h; sourceTree = "<group>"; };
		1AEAE25915C3873E002E24C3 /* AppDelegate.m */ = {isa = PBXFileReference; lastKnownFileType = sourcecode.c.objc; path = AppDelegate.m; sourceTree = "<group>"; };
		1AEAE25C15C3873E002E24C3 /* en */ = {isa = PBXFileReference; lastKnownFileType = file.storyboard; name = en; path = en.lproj/MainStoryboard.storyboard; sourceTree = "<group>"; };
		1AEAE26815C388C8002E24C3 /* bg-4.jpg */ = {isa = PBXFileReference; lastKnownFileType = image.jpeg; path = "bg-4.jpg"; sourceTree = "<group>"; };
		1AEAE26A15C388E5002E24C3 /* bg-2.jpg */ = {isa = PBXFileReference; lastKnownFileType = image.jpeg; path = "bg-2.jpg"; sourceTree = "<group>"; };
		1AEAE26B15C388E5002E24C3 /* bg-3.jpg */ = {isa = PBXFileReference; lastKnownFileType = image.jpeg; path = "bg-3.jpg"; sourceTree = "<group>"; };
		1AEAE26F15C388F5002E24C3 /* inspiration.png */ = {isa = PBXFileReference; lastKnownFileType = image.png; path = inspiration.png; sourceTree = "<group>"; };
		1AEAE27115C38A60002E24C3 /* logo-large-fff.png */ = {isa = PBXFileReference; lastKnownFileType = image.png; path = "logo-large-fff.png"; sourceTree = "<group>"; };
		1AEAE27315C38A76002E24C3 /* 1-ipad.jpg */ = {isa = PBXFileReference; lastKnownFileType = image.jpeg; path = "1-ipad.jpg"; sourceTree = "<group>"; };
		1AEAE27515C38A84002E24C3 /* 2-ipad.jpg */ = {isa = PBXFileReference; lastKnownFileType = image.jpeg; path = "2-ipad.jpg"; sourceTree = "<group>"; };
		1AEAE27615C38A84002E24C3 /* 3-ipad.jpg */ = {isa = PBXFileReference; lastKnownFileType = image.jpeg; path = "3-ipad.jpg"; sourceTree = "<group>"; };
		1AEAE27715C38A84002E24C3 /* 4-ipad.jpg */ = {isa = PBXFileReference; lastKnownFileType = image.jpeg; path = "4-ipad.jpg"; sourceTree = "<group>"; };
		1AEAE27F15C38E85002E24C3 /* MapKit.framework */ = {isa = PBXFileReference; lastKnownFileType = wrapper.framework; name = MapKit.framework; path = System/Library/Frameworks/MapKit.framework; sourceTree = SDKROOT; };
/* End PBXFileReference section */

/* Begin PBXFrameworksBuildPhase section */
		1AEAE24215C3873E002E24C3 /* Frameworks */ = {
			isa = PBXFrameworksBuildPhase;
			buildActionMask = 2147483647;
			files = (
				1A84BCCE15C3C6270024BBE5 /* MapKit.framework in Frameworks */,
				1AEAE24A15C3873E002E24C3 /* UIKit.framework in Frameworks */,
				1AEAE24C15C3873E002E24C3 /* Foundation.framework in Frameworks */,
				1AEAE24E15C3873E002E24C3 /* CoreGraphics.framework in Frameworks */,
			);
			runOnlyForDeploymentPostprocessing = 0;
		};
/* End PBXFrameworksBuildPhase section */

/* Begin PBXGroup section */
		1A41B46115C56A33004B2D44 /* locations */ = {
			isa = PBXGroup;
			children = (
				1A41B46215C56A47004B2D44 /* adelaide_hills.png */,
				1A41B46315C56A47004B2D44 /* adelaide.png */,
				1A41B46415C56A47004B2D44 /* barossa_valley.png */,
				1A41B46515C56A47004B2D44 /* blue_mountains.png */,
				1A41B46615C56A47004B2D44 /* brisbane.png */,
				1A41B46715C56A47004B2D44 /* broome.png */,
				1A41B46815C56A47004B2D44 /* byron_bay.png */,
				1A41B46915C56A47004B2D44 /* cairns.png */,
				1A41B46A15C56A47004B2D44 /* canberra.png */,
				1A41B46B15C56A47004B2D44 /* central_coast.png */,
				1A41B46C15C56A47004B2D44 /* cradle_mountain.png */,
				1A41B46D15C56A47004B2D44 /* darwin.png */,
				1A41B46E15C56A47004B2D44 /* daylesford.png */,
				1A41B46F15C56A47004B2D44 /* exmouth.png */,
				1A41B47015C56A47004B2D44 /* fleurieu_peninsula.png */,
				1A41B47115C56A47004B2D44 /* fraser_island.png */,
				1A41B47215C56A47004B2D44 /* gold_coast.png */,
				1A41B47315C56A47004B2D44 /* great_ocean_road.png */,
				1A41B47415C56A47004B2D44 /* hobart.png */,
				1A41B47515C56A47004B2D44 /* hunter_valley.png */,
				1A41B47615C56A47004B2D44 /* kakadu.png */,
				1A41B47715C56A47004B2D44 /* kangaroo_island.png */,
				1A41B47815C56A47004B2D44 /* kimberley.png */,
				1A41B47915C56A47004B2D44 /* launceston.png */,
				1A41B47A15C56A47004B2D44 /* lord_howe_island.png */,
				1A41B47B15C56A47004B2D44 /* margaret_river.png */,
				1A41B47C15C56A47004B2D44 /* melbourne.png */,
				1A41B47D15C56A47004B2D44 /* mornington_peninsula.png */,
				1A41B47E15C56A47004B2D44 /* ningaloo.png */,
				1A41B47F15C56A47004B2D44 /* noosa.png */,
				1A41B48015C56A47004B2D44 /* north_coast.png */,
				1A41B48115C56A47004B2D44 /* perth.png */,
				1A41B48215C56A47004B2D44 /* phillip_island.png */,
				1A41B48315C56A47004B2D44 /* port_douglas.png */,
				1A41B48415C56A47004B2D44 /* south_coast.png */,
				1A41B48515C56A47004B2D44 /* sunshine_coast.png */,
				1A41B48615C56A47004B2D44 /* sydney.png */,
				1A41B48715C56A47004B2D44 /* townsville.png */,
				1A41B48815C56A47004B2D44 /* uluru.png */,
				1A41B48915C56A47004B2D44 /* whitsundays.png */,
				1A41B48A15C56A47004B2D44 /* yarra_valley.png */,
			);
			name = locations;
			sourceTree = "<group>";
		};
		1A41B4B415C56BDA004B2D44 /* quiz */ = {
			isa = PBXGroup;
			children = (
				1AA6E96E15C60D3D009B2630 /* experience */,
				1AA6E97415C60FD2009B2630 /* Quiz.h */,
				1AA6E97515C60FD2009B2630 /* Quiz.m */,
				1AA6E97715C61065009B2630 /* Question.h */,
				1AA6E97815C61065009B2630 /* Question.m */,
				1AA6E97A15C610AF009B2630 /* QuizService.h */,
				1AA6E97B15C610AF009B2630 /* QuizService.m */,
				1AA6E98115C6390E009B2630 /* QuestionCell.h */,
				1AA6E98215C6390F009B2630 /* QuestionCell.m */,
			);
			name = quiz;
			sourceTree = "<group>";
		};
		1AA6E96E15C60D3D009B2630 /* experience */ = {
			isa = PBXGroup;
			children = (
				1AA6E97115C60DD7009B2630 /* ExperienceQuizUIViewController.h */,
				1AA6E97215C60DD7009B2630 /* ExperienceQuizUIViewController.m */,
			);
			name = experience;
			sourceTree = "<group>";
		};
		1ABE0C7215C76EBD00B6D377 /* results */ = {
			isa = PBXGroup;
			children = (
				1ABE0C7415C76ED300B6D377 /* ResultsUIViewController.h */,
				1ABE0C7515C76ED300B6D377 /* ResultsUIViewController.m */,
				1ABE0C7715C7703400B6D377 /* ResultsCell.h */,
				1ABE0C7815C7703400B6D377 /* ResultsCell.m */,
			);
			name = results;
			sourceTree = "<group>";
		};
		1ACB9AF915C3F8710098E15A /* location */ = {
			isa = PBXGroup;
			children = (
				1ACB9AFB15C3F8960098E15A /* LocationService.h */,
				1ACB9AFC15C3F8960098E15A /* LocationService.m */,
				1ACB9B1515C41E860098E15A /* Location.h */,
				1ACB9B1615C41E860098E15A /* Location.m */,
			);
			name = location;
			sourceTree = "<group>";
		};
		1ACB9AFE15C3FF5D0098E15A /* login */ = {
			isa = PBXGroup;
			children = (
				1ACB9AFF15C3FF720098E15A /* LoginViewController.h */,
				1ACB9B0015C3FF720098E15A /* LoginViewController.m */,
			);
			name = login;
			sourceTree = "<group>";
		};
		1ACB9B0215C3FF7B0098E15A /* mapping */ = {
			isa = PBXGroup;
			children = (
				1ACB9B0315C3FF880098E15A /* MapAnnotation.h */,
				1ACB9B0415C3FF880098E15A /* MapAnnotation.m */,
				1ACB9B0515C3FF880098E15A /* MapViewController.h */,
				1ACB9B0615C3FF880098E15A /* MapViewController.m */,
				1ACB9B0715C3FF880098E15A /* MapViewDelegate.h */,
				1ACB9B0815C3FF880098E15A /* MapViewDelegate.m */,
			);
			name = mapping;
			sourceTree = "<group>";
		};
		1ACB9B1415C41CF10098E15A /* data */ = {
			isa = PBXGroup;
			children = (
				1ACB9B1215C41CEA0098E15A /* locations.json */,
			);
			name = data;
			sourceTree = "<group>";
		};
		1AEAE23A15C3873E002E24C3 = {
			isa = PBXGroup;
			children = (
				1ABE0C8C15C797DA00B6D377 /* header_inspired.gif */,
				1ABE0C8D15C797DA00B6D377 /* header_search.gif */,
				1ABE0C8815C7919800B6D377 /* app_icon@2x.png */,
				1ABE0C8615C7918F00B6D377 /* app_icon.png */,
				1ABE0C8215C7918200B6D377 /* app_icon.png */,
				1ABE0C8315C7918200B6D377 /* app_icon@2x.png */,
				1ABE0C7F15C7912200B6D377 /* profile-64x64.png */,
				1ACB9B1415C41CF10098E15A /* data */,
				1AEAE27F15C38E85002E24C3 /* MapKit.framework */,
				1AEAE24F15C3873E002E24C3 /* HoorooHoliday */,
				1AEAE24815C3873E002E24C3 /* Frameworks */,
				1AEAE24615C3873E002E24C3 /* Products */,
			);
			sourceTree = "<group>";
		};
		1AEAE24615C3873E002E24C3 /* Products */ = {
			isa = PBXGroup;
			children = (
				1AEAE24515C3873E002E24C3 /* HoorooHoliday.app */,
			);
			name = Products;
			sourceTree = "<group>";
		};
		1AEAE24815C3873E002E24C3 /* Frameworks */ = {
			isa = PBXGroup;
			children = (
				1AEAE24915C3873E002E24C3 /* UIKit.framework */,
				1AEAE24B15C3873E002E24C3 /* Foundation.framework */,
				1AEAE24D15C3873E002E24C3 /* CoreGraphics.framework */,
			);
			name = Frameworks;
			sourceTree = "<group>";
		};
		1AEAE24F15C3873E002E24C3 /* HoorooHoliday */ = {
			isa = PBXGroup;
			children = (
				1ABE0C7215C76EBD00B6D377 /* results */,
				1A41B4B415C56BDA004B2D44 /* quiz */,
				1ACB9B0215C3FF7B0098E15A /* mapping */,
				1ACB9AFE15C3FF5D0098E15A /* login */,
				1ACB9AF915C3F8710098E15A /* location */,
				1AEAE26615C388B0002E24C3 /* images */,
				1AEAE25815C3873E002E24C3 /* AppDelegate.h */,
				1AEAE25915C3873E002E24C3 /* AppDelegate.m */,
				1AEAE25B15C3873E002E24C3 /* MainStoryboard.storyboard */,
				1AEAE25015C3873E002E24C3 /* Supporting Files */,
			);
			path = HoorooHoliday;
			sourceTree = "<group>";
		};
		1AEAE25015C3873E002E24C3 /* Supporting Files */ = {
			isa = PBXGroup;
			children = (
				1AEAE25115C3873E002E24C3 /* HoorooHoliday-Info.plist */,
				1AEAE25215C3873E002E24C3 /* InfoPlist.strings */,
				1AEAE25515C3873E002E24C3 /* main.m */,
				1AEAE25715C3873E002E24C3 /* HoorooHoliday-Prefix.pch */,
			);
			name = "Supporting Files";
			sourceTree = "<group>";
		};
		1AEAE26615C388B0002E24C3 /* images */ = {
			isa = PBXGroup;
			children = (
				1ABE0C8A15C7927800B6D377 /* confirmation-stamp.png */,
				1A41B46115C56A33004B2D44 /* locations */,
				1AEAE26E15C388EB002E24C3 /* text */,
				1AEAE26715C388BA002E24C3 /* backgrounds */,
			);
			name = images;
			sourceTree = "<group>";
		};
		1AEAE26715C388BA002E24C3 /* backgrounds */ = {
			isa = PBXGroup;
			children = (
				1AEAE27515C38A84002E24C3 /* 2-ipad.jpg */,
				1AEAE27615C38A84002E24C3 /* 3-ipad.jpg */,
				1AEAE27715C38A84002E24C3 /* 4-ipad.jpg */,
				1AEAE27315C38A76002E24C3 /* 1-ipad.jpg */,
				1AEAE26A15C388E5002E24C3 /* bg-2.jpg */,
				1AEAE26B15C388E5002E24C3 /* bg-3.jpg */,
				1AEAE26815C388C8002E24C3 /* bg-4.jpg */,
			);
			name = backgrounds;
			sourceTree = "<group>";
		};
		1AEAE26E15C388EB002E24C3 /* text */ = {
			isa = PBXGroup;
			children = (
				1AEAE27115C38A60002E24C3 /* logo-large-fff.png */,
				1AEAE26F15C388F5002E24C3 /* inspiration.png */,
			);
			name = text;
			sourceTree = "<group>";
		};
/* End PBXGroup section */

/* Begin PBXNativeTarget section */
		1AEAE24415C3873E002E24C3 /* HoorooHoliday */ = {
			isa = PBXNativeTarget;
			buildConfigurationList = 1AEAE26315C3873E002E24C3 /* Build configuration list for PBXNativeTarget "HoorooHoliday" */;
			buildPhases = (
				1AEAE24115C3873E002E24C3 /* Sources */,
				1AEAE24215C3873E002E24C3 /* Frameworks */,
				1AEAE24315C3873E002E24C3 /* Resources */,
			);
			buildRules = (
			);
			dependencies = (
			);
			name = HoorooHoliday;
			productName = HoorooHoliday;
			productReference = 1AEAE24515C3873E002E24C3 /* HoorooHoliday.app */;
			productType = "com.apple.product-type.application";
		};
/* End PBXNativeTarget section */

/* Begin PBXProject section */
		1AEAE23C15C3873E002E24C3 /* Project object */ = {
			isa = PBXProject;
			attributes = {
				LastUpgradeCheck = 0440;
				ORGANIZATIONNAME = "James Dunwoody";
			};
			buildConfigurationList = 1AEAE23F15C3873E002E24C3 /* Build configuration list for PBXProject "HoorooHoliday" */;
			compatibilityVersion = "Xcode 3.2";
			developmentRegion = English;
			hasScannedForEncodings = 0;
			knownRegions = (
				en,
			);
			mainGroup = 1AEAE23A15C3873E002E24C3;
			productRefGroup = 1AEAE24615C3873E002E24C3 /* Products */;
			projectDirPath = "";
			projectRoot = "";
			targets = (
				1AEAE24415C3873E002E24C3 /* HoorooHoliday */,
			);
		};
/* End PBXProject section */

/* Begin PBXResourcesBuildPhase section */
		1AEAE24315C3873E002E24C3 /* Resources */ = {
			isa = PBXResourcesBuildPhase;
			buildActionMask = 2147483647;
			files = (
				1AEAE25415C3873E002E24C3 /* InfoPlist.strings in Resources */,
				1AEAE25D15C3873E002E24C3 /* MainStoryboard.storyboard in Resources */,
				1AEAE26915C388C8002E24C3 /* bg-4.jpg in Resources */,
				1AEAE26C15C388E5002E24C3 /* bg-2.jpg in Resources */,
				1AEAE26D15C388E5002E24C3 /* bg-3.jpg in Resources */,
				1AEAE27015C388F5002E24C3 /* inspiration.png in Resources */,
				1AEAE27215C38A60002E24C3 /* logo-large-fff.png in Resources */,
				1AEAE27415C38A76002E24C3 /* 1-ipad.jpg in Resources */,
				1AEAE27815C38A84002E24C3 /* 2-ipad.jpg in Resources */,
				1AEAE27915C38A84002E24C3 /* 3-ipad.jpg in Resources */,
				1AEAE27A15C38A84002E24C3 /* 4-ipad.jpg in Resources */,
				1ACB9B1315C41CEA0098E15A /* locations.json in Resources */,
				1A41B48B15C56A47004B2D44 /* adelaide_hills.png in Resources */,
				1A41B48C15C56A47004B2D44 /* adelaide.png in Resources */,
				1A41B48D15C56A47004B2D44 /* barossa_valley.png in Resources */,
				1A41B48E15C56A47004B2D44 /* blue_mountains.png in Resources */,
				1A41B48F15C56A47004B2D44 /* brisbane.png in Resources */,
				1A41B49015C56A47004B2D44 /* broome.png in Resources */,
				1A41B49115C56A47004B2D44 /* byron_bay.png in Resources */,
				1A41B49215C56A47004B2D44 /* cairns.png in Resources */,
				1A41B49315C56A47004B2D44 /* canberra.png in Resources */,
				1A41B49415C56A47004B2D44 /* central_coast.png in Resources */,
				1A41B49515C56A47004B2D44 /* cradle_mountain.png in Resources */,
				1A41B49615C56A47004B2D44 /* darwin.png in Resources */,
				1A41B49715C56A47004B2D44 /* daylesford.png in Resources */,
				1A41B49815C56A47004B2D44 /* exmouth.png in Resources */,
				1A41B49915C56A47004B2D44 /* fleurieu_peninsula.png in Resources */,
				1A41B49A15C56A47004B2D44 /* fraser_island.png in Resources */,
				1A41B49B15C56A47004B2D44 /* gold_coast.png in Resources */,
				1A41B49C15C56A47004B2D44 /* great_ocean_road.png in Resources */,
				1A41B49D15C56A47004B2D44 /* hobart.png in Resources */,
				1A41B49E15C56A47004B2D44 /* hunter_valley.png in Resources */,
				1A41B49F15C56A47004B2D44 /* kakadu.png in Resources */,
				1A41B4A015C56A47004B2D44 /* kangaroo_island.png in Resources */,
				1A41B4A115C56A47004B2D44 /* kimberley.png in Resources */,
				1A41B4A215C56A47004B2D44 /* launceston.png in Resources */,
				1A41B4A315C56A47004B2D44 /* lord_howe_island.png in Resources */,
				1A41B4A415C56A47004B2D44 /* margaret_river.png in Resources */,
				1A41B4A515C56A47004B2D44 /* melbourne.png in Resources */,
				1A41B4A615C56A47004B2D44 /* mornington_peninsula.png in Resources */,
				1A41B4A715C56A47004B2D44 /* ningaloo.png in Resources */,
				1A41B4A815C56A47004B2D44 /* noosa.png in Resources */,
				1A41B4A915C56A47004B2D44 /* north_coast.png in Resources */,
				1A41B4AA15C56A47004B2D44 /* perth.png in Resources */,
				1A41B4AB15C56A47004B2D44 /* phillip_island.png in Resources */,
				1A41B4AC15C56A47004B2D44 /* port_douglas.png in Resources */,
				1A41B4AD15C56A47004B2D44 /* south_coast.png in Resources */,
				1A41B4AE15C56A47004B2D44 /* sunshine_coast.png in Resources */,
				1A41B4AF15C56A47004B2D44 /* sydney.png in Resources */,
				1A41B4B015C56A47004B2D44 /* townsville.png in Resources */,
				1A41B4B115C56A47004B2D44 /* uluru.png in Resources */,
				1A41B4B215C56A47004B2D44 /* whitsundays.png in Resources */,
				1A41B4B315C56A47004B2D44 /* yarra_valley.png in Resources */,
				1ABE0C8115C7912200B6D377 /* profile-64x64.png in Resources */,
				1ABE0C8415C7918300B6D377 /* app_icon.png in Resources */,
				1ABE0C8515C7918300B6D377 /* app_icon@2x.png in Resources */,
				1ABE0C8715C7918F00B6D377 /* app_icon.png in Resources */,
				1ABE0C8915C7919800B6D377 /* app_icon@2x.png in Resources */,
				1ABE0C8B15C7927800B6D377 /* confirmation-stamp.png in Resources */,
				1ABE0C8E15C797DA00B6D377 /* header_inspired.gif in Resources */,
				1ABE0C8F15C797DA00B6D377 /* header_search.gif in Resources */,
			);
			runOnlyForDeploymentPostprocessing = 0;
		};
/* End PBXResourcesBuildPhase section */

/* Begin PBXSourcesBuildPhase section */
		1AEAE24115C3873E002E24C3 /* Sources */ = {
			isa = PBXSourcesBuildPhase;
			buildActionMask = 2147483647;
			files = (
				1AEAE25615C3873E002E24C3 /* main.m in Sources */,
				1AEAE25A15C3873E002E24C3 /* AppDelegate.m in Sources */,
				1ACB9AFD15C3F8960098E15A /* LocationService.m in Sources */,
				1ACB9B0115C3FF720098E15A /* LoginViewController.m in Sources */,
				1ACB9B0915C3FF880098E15A /* MapAnnotation.m in Sources */,
				1ACB9B0A15C3FF880098E15A /* MapViewController.m in Sources */,
				1ACB9B0B15C3FF880098E15A /* MapViewDelegate.m in Sources */,
				1ACB9B1715C41E860098E15A /* Location.m in Sources */,
				1AA6E97315C60DD7009B2630 /* ExperienceQuizUIViewController.m in Sources */,
				1AA6E97615C60FD2009B2630 /* Quiz.m in Sources */,
				1AA6E97915C61065009B2630 /* Question.m in Sources */,
				1AA6E97C15C610AF009B2630 /* QuizService.m in Sources */,
				1AA6E98315C6390F009B2630 /* QuestionCell.m in Sources */,
				1ABE0C7615C76ED300B6D377 /* ResultsUIViewController.m in Sources */,
				1ABE0C7915C7703400B6D377 /* ResultsCell.m in Sources */,
			);
			runOnlyForDeploymentPostprocessing = 0;
		};
/* End PBXSourcesBuildPhase section */

/* Begin PBXVariantGroup section */
		1AEAE25215C3873E002E24C3 /* InfoPlist.strings */ = {
			isa = PBXVariantGroup;
			children = (
				1AEAE25315C3873E002E24C3 /* en */,
			);
			name = InfoPlist.strings;
			sourceTree = "<group>";
		};
		1AEAE25B15C3873E002E24C3 /* MainStoryboard.storyboard */ = {
			isa = PBXVariantGroup;
			children = (
				1AEAE25C15C3873E002E24C3 /* en */,
			);
			name = MainStoryboard.storyboard;
			sourceTree = "<group>";
		};
/* End PBXVariantGroup section */

/* Begin XCBuildConfiguration section */
		1AEAE26115C3873E002E24C3 /* Debug */ = {
			isa = XCBuildConfiguration;
			buildSettings = {
				ALWAYS_SEARCH_USER_PATHS = NO;
				ARCHS = "$(ARCHS_STANDARD_32_BIT)";
				CLANG_CXX_LANGUAGE_STANDARD = "gnu++0x";
				CLANG_ENABLE_OBJC_ARC = YES;
				CLANG_WARN__DUPLICATE_METHOD_MATCH = YES;
				"CODE_SIGN_IDENTITY[sdk=iphoneos*]" = "iPhone Developer";
				COPY_PHASE_STRIP = NO;
				GCC_C_LANGUAGE_STANDARD = gnu99;
				GCC_DYNAMIC_NO_PIC = NO;
				GCC_OPTIMIZATION_LEVEL = 0;
				GCC_PREPROCESSOR_DEFINITIONS = (
					"DEBUG=1",
					"$(inherited)",
				);
				GCC_SYMBOLS_PRIVATE_EXTERN = NO;
				GCC_VERSION = com.apple.compilers.llvm.clang.1_0;
				GCC_WARN_ABOUT_RETURN_TYPE = YES;
				GCC_WARN_UNINITIALIZED_AUTOS = YES;
				GCC_WARN_UNUSED_VARIABLE = YES;
				IPHONEOS_DEPLOYMENT_TARGET = 5.1;
				SDKROOT = iphoneos;
				TARGETED_DEVICE_FAMILY = 2;
			};
			name = Debug;
		};
		1AEAE26215C3873E002E24C3 /* Release */ = {
			isa = XCBuildConfiguration;
			buildSettings = {
				ALWAYS_SEARCH_USER_PATHS = NO;
				ARCHS = "$(ARCHS_STANDARD_32_BIT)";
				CLANG_CXX_LANGUAGE_STANDARD = "gnu++0x";
				CLANG_ENABLE_OBJC_ARC = YES;
				CLANG_WARN__DUPLICATE_METHOD_MATCH = YES;
				"CODE_SIGN_IDENTITY[sdk=iphoneos*]" = "iPhone Developer";
				COPY_PHASE_STRIP = YES;
				GCC_C_LANGUAGE_STANDARD = gnu99;
				GCC_VERSION = com.apple.compilers.llvm.clang.1_0;
				GCC_WARN_ABOUT_RETURN_TYPE = YES;
				GCC_WARN_UNINITIALIZED_AUTOS = YES;
				GCC_WARN_UNUSED_VARIABLE = YES;
				IPHONEOS_DEPLOYMENT_TARGET = 5.1;
				OTHER_CFLAGS = "-DNS_BLOCK_ASSERTIONS=1";
				SDKROOT = iphoneos;
				TARGETED_DEVICE_FAMILY = 2;
				VALIDATE_PRODUCT = YES;
			};
			name = Release;
		};
		1AEAE26415C3873E002E24C3 /* Debug */ = {
			isa = XCBuildConfiguration;
			buildSettings = {
				GCC_PRECOMPILE_PREFIX_HEADER = YES;
				GCC_PREFIX_HEADER = "HoorooHoliday/HoorooHoliday-Prefix.pch";
				INFOPLIST_FILE = "HoorooHoliday/HoorooHoliday-Info.plist";
				PRODUCT_NAME = "$(TARGET_NAME)";
				WRAPPER_EXTENSION = app;
			};
			name = Debug;
		};
		1AEAE26515C3873E002E24C3 /* Release */ = {
			isa = XCBuildConfiguration;
			buildSettings = {
				GCC_PRECOMPILE_PREFIX_HEADER = YES;
				GCC_PREFIX_HEADER = "HoorooHoliday/HoorooHoliday-Prefix.pch";
				INFOPLIST_FILE = "HoorooHoliday/HoorooHoliday-Info.plist";
				PRODUCT_NAME = "$(TARGET_NAME)";
				WRAPPER_EXTENSION = app;
			};
			name = Release;
		};
/* End XCBuildConfiguration section */

/* Begin XCConfigurationList section */
		1AEAE23F15C3873E002E24C3 /* Build configuration list for PBXProject "HoorooHoliday" */ = {
			isa = XCConfigurationList;
			buildConfigurations = (
				1AEAE26115C3873E002E24C3 /* Debug */,
				1AEAE26215C3873E002E24C3 /* Release */,
			);
			defaultConfigurationIsVisible = 0;
			defaultConfigurationName = Release;
		};
		1AEAE26315C3873E002E24C3 /* Build configuration list for PBXNativeTarget "HoorooHoliday" */ = {
			isa = XCConfigurationList;
			buildConfigurations = (
				1AEAE26415C3873E002E24C3 /* Debug */,
				1AEAE26515C3873E002E24C3 /* Release */,
			);
			defaultConfigurationIsVisible = 0;
			defaultConfigurationName = Release;
		};
/* End XCConfigurationList section */
	};
	rootObject = 1AEAE23C15C3873E002E24C3 /* Project object */;
}
